
Microsoft Visual Studio Solution File, Format Version 12.00
# Visual Studio Version 17
VisualStudioVersion = 17.0.31903.59
MinimumVisualStudioVersion = 10.0.40219.1
Project("{FAE04EC0-301F-11D3-BF4B-00C04F79EFBC}") = "Patikafy", "Patikafy\Patikafy.csproj", "{B0F90FE9-42ED-4963-A194-905CA6E69B94}"
EndProject
Global
	GlobalSection(SolutionConfigurationPlatforms) = preSolution
		Debug|Any CPU = Debug|Any CPU
		Release|Any CPU = Release|Any CPU
	EndGlobalSection
	GlobalSection(SolutionProperties) = preSolution
		HideSolutionNode = FALSE
	EndGlobalSection
	GlobalSection(ProjectConfigurationPlatforms) = postSolution
		{B0F90FE9-42ED-4963-A194-905CA6E69B94}.Debug|Any CPU.ActiveCfg = Debug|Any CPU
		{B0F90FE9-42ED-4963-A194-905CA6E69B94}.Debug|Any CPU.Build.0 = Debug|Any CPU
		{B0F90FE9-42ED-4963-A194-905CA6E69B94}.Release|Any CPU.ActiveCfg = Release|Any CPU
		{B0F90FE9-42ED-4963-A194-905CA6E69B94}.Release|Any CPU.Build.0 = Release|Any CPU
	EndGlobalSection
EndGlobal
